version = 1
revision = 1
requires-python = ">=3.12"

[[package]]
name = "attrs"
version = "25.3.0"
source = { registry = "https://pypi.org/simple" }
sdist = { url = "https://files.pythonhosted.org/packages/5a/b0/1367933a8532ee6ff8d63537de4f1177af4bff9f3e829baf7331f595bb24/attrs-25.3.0.tar.gz", hash = "sha256:75d7cefc7fb576747b2c81b4442d4d4a1ce0900973527c011d1030fd3bf4af1b", size = 812032 }
wheels = [
    { url = "https://files.pythonhosted.org/packages/77/06/bb80f5f86020c4551da315d78b3ab75e8228f89f0162f2c3a819e407941a/attrs-25.3.0-py3-none-any.whl", hash = "sha256:427318ce031701fea540783410126f03899a97ffc6f61596ad581ac2e40e3bc3", size = 63815 },
]

[[package]]
name = "beautifulsoup4"
version = "4.13.4"
source = { registry = "https://pypi.org/simple" }
dependencies = [
    { name = "soupsieve" },
    { name = "typing-extensions" },
]
sdist = { url = "https://files.pythonhosted.org/packages/d8/e4/0c4c39e18fd76d6a628d4dd8da40543d136ce2d1752bd6eeeab0791f4d6b/beautifulsoup4-4.13.4.tar.gz", hash = "sha256:dbb3c4e1ceae6aefebdaf2423247260cd062430a410e38c66f2baa50a8437195", size = 621067 }
wheels = [
    { url = "https://files.pythonhosted.org/packages/50/cd/30110dc0ffcf3b131156077b90e9f60ed75711223f306da4db08eff8403b/beautifulsoup4-4.13.4-py3-none-any.whl", hash = "sha256:9bbbb14bfde9d79f38b8cd5f8c7c85f4b8f2523190ebed90e950a8dea4cb1c4b", size = 187285 },
]

[[package]]
name = "bs4"
version = "0.0.2"
source = { registry = "https://pypi.org/simple" }
dependencies = [
    { name = "beautifulsoup4" },
]
sdist = { url = "https://files.pythonhosted.org/packages/c9/aa/4acaf814ff901145da37332e05bb510452ebed97bc9602695059dd46ef39/bs4-0.0.2.tar.gz", hash = "sha256:a48685c58f50fe127722417bae83fe6badf500d54b55f7e39ffe43b798653925", size = 698 }
wheels = [
    { url = "https://files.pythonhosted.org/packages/51/bb/bf7aab772a159614954d84aa832c129624ba6c32faa559dfb200a534e50b/bs4-0.0.2-py2.py3-none-any.whl", hash = "sha256:abf8742c0805ef7f662dce4b51cca104cffe52b835238afc169142ab9b3fbccc", size = 1189 },
]

[[package]]
name = "certifi"
version = "2025.4.26"
source = { registry = "https://pypi.org/simple" }
sdist = { url = "https://files.pythonhosted.org/packages/e8/9e/c05b3920a3b7d20d3d3310465f50348e5b3694f4f88c6daf736eef3024c4/certifi-2025.4.26.tar.gz", hash = "sha256:0a816057ea3cdefcef70270d2c515e4506bbc954f417fa5ade2021213bb8f0c6", size = 160705 }
wheels = [
    { url = "https://files.pythonhosted.org/packages/4a/7e/3db2bd1b1f9e95f7cddca6d6e75e2f2bd9f51b1246e546d88addca0106bd/certifi-2025.4.26-py3-none-any.whl", hash = "sha256:30350364dfe371162649852c63336a15c70c6510c2ad5015b21c2345311805f3", size = 159618 },
]

[[package]]
name = "charset-normalizer"
version = "3.4.2"
source = { registry = "https://pypi.org/simple" }
sdist = { url = "https://files.pythonhosted.org/packages/e4/33/89c2ced2b67d1c2a61c19c6751aa8902d46ce3dacb23600a283619f5a12d/charset_normalizer-3.4.2.tar.gz", hash = "sha256:5baececa9ecba31eff645232d59845c07aa030f0c81ee70184a90d35099a0e63", size = 126367 }
wheels = [
    { url = "https://files.pythonhosted.org/packages/d7/a4/37f4d6035c89cac7930395a35cc0f1b872e652eaafb76a6075943754f095/charset_normalizer-3.4.2-cp312-cp312-macosx_10_13_universal2.whl", hash = "sha256:0c29de6a1a95f24b9a1aa7aefd27d2487263f00dfd55a77719b530788f75cff7", size = 199936 },
    { url = "https://files.pythonhosted.org/packages/ee/8a/1a5e33b73e0d9287274f899d967907cd0bf9c343e651755d9307e0dbf2b3/charset_normalizer-3.4.2-cp312-cp312-manylinux_2_17_aarch64.manylinux2014_aarch64.whl", hash = "sha256:cddf7bd982eaa998934a91f69d182aec997c6c468898efe6679af88283b498d3", size = 143790 },
    { url = "https://files.pythonhosted.org/packages/66/52/59521f1d8e6ab1482164fa21409c5ef44da3e9f653c13ba71becdd98dec3/charset_normalizer-3.4.2-cp312-cp312-manylinux_2_17_ppc64le.manylinux2014_ppc64le.whl", hash = "sha256:fcbe676a55d7445b22c10967bceaaf0ee69407fbe0ece4d032b6eb8d4565982a", size = 153924 },
    { url = "https://files.pythonhosted.org/packages/86/2d/fb55fdf41964ec782febbf33cb64be480a6b8f16ded2dbe8db27a405c09f/charset_normalizer-3.4.2-cp312-cp312-manylinux_2_17_s390x.manylinux2014_s390x.whl", hash = "sha256:d41c4d287cfc69060fa91cae9683eacffad989f1a10811995fa309df656ec214", size = 146626 },
    { url = "https://files.pythonhosted.org/packages/8c/73/6ede2ec59bce19b3edf4209d70004253ec5f4e319f9a2e3f2f15601ed5f7/charset_normalizer-3.4.2-cp312-cp312-manylinux_2_17_x86_64.manylinux2014_x86_64.whl", hash = "sha256:4e594135de17ab3866138f496755f302b72157d115086d100c3f19370839dd3a", size = 148567 },
    { url = "https://files.pythonhosted.org/packages/09/14/957d03c6dc343c04904530b6bef4e5efae5ec7d7990a7cbb868e4595ee30/charset_normalizer-3.4.2-cp312-cp312-manylinux_2_5_i686.manylinux1_i686.manylinux_2_17_i686.manylinux2014_i686.whl", hash = "sha256:cf713fe9a71ef6fd5adf7a79670135081cd4431c2943864757f0fa3a65b1fafd", size = 150957 },
    { url = "https://files.pythonhosted.org/packages/0d/c8/8174d0e5c10ccebdcb1b53cc959591c4c722a3ad92461a273e86b9f5a302/charset_normalizer-3.4.2-cp312-cp312-musllinux_1_2_aarch64.whl", hash = "sha256:a370b3e078e418187da8c3674eddb9d983ec09445c99a3a263c2011993522981", size = 145408 },
    { url = "https://files.pythonhosted.org/packages/58/aa/8904b84bc8084ac19dc52feb4f5952c6df03ffb460a887b42615ee1382e8/charset_normalizer-3.4.2-cp312-cp312-musllinux_1_2_i686.whl", hash = "sha256:a955b438e62efdf7e0b7b52a64dc5c3396e2634baa62471768a64bc2adb73d5c", size = 153399 },
    { url = "https://files.pythonhosted.org/packages/c2/26/89ee1f0e264d201cb65cf054aca6038c03b1a0c6b4ae998070392a3ce605/charset_normalizer-3.4.2-cp312-cp312-musllinux_1_2_ppc64le.whl", hash = "sha256:7222ffd5e4de8e57e03ce2cef95a4c43c98fcb72ad86909abdfc2c17d227fc1b", size = 156815 },
    { url = "https://files.pythonhosted.org/packages/fd/07/68e95b4b345bad3dbbd3a8681737b4338ff2c9df29856a6d6d23ac4c73cb/charset_normalizer-3.4.2-cp312-cp312-musllinux_1_2_s390x.whl", hash = "sha256:bee093bf902e1d8fc0ac143c88902c3dfc8941f7ea1d6a8dd2bcb786d33db03d", size = 154537 },
    { url = "https://files.pythonhosted.org/packages/77/1a/5eefc0ce04affb98af07bc05f3bac9094513c0e23b0562d64af46a06aae4/charset_normalizer-3.4.2-cp312-cp312-musllinux_1_2_x86_64.whl", hash = "sha256:dedb8adb91d11846ee08bec4c8236c8549ac721c245678282dcb06b221aab59f", size = 149565 },
    { url = "https://files.pythonhosted.org/packages/37/a0/2410e5e6032a174c95e0806b1a6585eb21e12f445ebe239fac441995226a/charset_normalizer-3.4.2-cp312-cp312-win32.whl", hash = "sha256:db4c7bf0e07fc3b7d89ac2a5880a6a8062056801b83ff56d8464b70f65482b6c", size = 98357 },
    { url = "https://files.pythonhosted.org/packages/6c/4f/c02d5c493967af3eda9c771ad4d2bbc8df6f99ddbeb37ceea6e8716a32bc/charset_normalizer-3.4.2-cp312-cp312-win_amd64.whl", hash = "sha256:5a9979887252a82fefd3d3ed2a8e3b937a7a809f65dcb1e068b090e165bbe99e", size = 105776 },
    { url = "https://files.pythonhosted.org/packages/ea/12/a93df3366ed32db1d907d7593a94f1fe6293903e3e92967bebd6950ed12c/charset_normalizer-3.4.2-cp313-cp313-macosx_10_13_universal2.whl", hash = "sha256:926ca93accd5d36ccdabd803392ddc3e03e6d4cd1cf17deff3b989ab8e9dbcf0", size = 199622 },
    { url = "https://files.pythonhosted.org/packages/04/93/bf204e6f344c39d9937d3c13c8cd5bbfc266472e51fc8c07cb7f64fcd2de/charset_normalizer-3.4.2-cp313-cp313-manylinux_2_17_aarch64.manylinux2014_aarch64.whl", hash = "sha256:eba9904b0f38a143592d9fc0e19e2df0fa2e41c3c3745554761c5f6447eedabf", size = 143435 },
    { url = "https://files.pythonhosted.org/packages/22/2a/ea8a2095b0bafa6c5b5a55ffdc2f924455233ee7b91c69b7edfcc9e02284/charset_normalizer-3.4.2-cp313-cp313-manylinux_2_17_ppc64le.manylinux2014_ppc64le.whl", hash = "sha256:3fddb7e2c84ac87ac3a947cb4e66d143ca5863ef48e4a5ecb83bd48619e4634e", size = 153653 },
    { url = "https://files.pythonhosted.org/packages/b6/57/1b090ff183d13cef485dfbe272e2fe57622a76694061353c59da52c9a659/charset_normalizer-3.4.2-cp313-cp313-manylinux_2_17_s390x.manylinux2014_s390x.whl", hash = "sha256:98f862da73774290f251b9df8d11161b6cf25b599a66baf087c1ffe340e9bfd1", size = 146231 },
    { url = "https://files.pythonhosted.org/packages/e2/28/ffc026b26f441fc67bd21ab7f03b313ab3fe46714a14b516f931abe1a2d8/charset_normalizer-3.4.2-cp313-cp313-manylinux_2_17_x86_64.manylinux2014_x86_64.whl", hash = "sha256:6c9379d65defcab82d07b2a9dfbfc2e95bc8fe0ebb1b176a3190230a3ef0e07c", size = 148243 },
    { url = "https://files.pythonhosted.org/packages/c0/0f/9abe9bd191629c33e69e47c6ef45ef99773320e9ad8e9cb08b8ab4a8d4cb/charset_normalizer-3.4.2-cp313-cp313-manylinux_2_5_i686.manylinux1_i686.manylinux_2_17_i686.manylinux2014_i686.whl", hash = "sha256:e635b87f01ebc977342e2697d05b56632f5f879a4f15955dfe8cef2448b51691", size = 150442 },
    { url = "https://files.pythonhosted.org/packages/67/7c/a123bbcedca91d5916c056407f89a7f5e8fdfce12ba825d7d6b9954a1a3c/charset_normalizer-3.4.2-cp313-cp313-musllinux_1_2_aarch64.whl", hash = "sha256:1c95a1e2902a8b722868587c0e1184ad5c55631de5afc0eb96bc4b0d738092c0", size = 145147 },
    { url = "https://files.pythonhosted.org/packages/ec/fe/1ac556fa4899d967b83e9893788e86b6af4d83e4726511eaaad035e36595/charset_normalizer-3.4.2-cp313-cp313-musllinux_1_2_i686.whl", hash = "sha256:ef8de666d6179b009dce7bcb2ad4c4a779f113f12caf8dc77f0162c29d20490b", size = 153057 },
    { url = "https://files.pythonhosted.org/packages/2b/ff/acfc0b0a70b19e3e54febdd5301a98b72fa07635e56f24f60502e954c461/charset_normalizer-3.4.2-cp313-cp313-musllinux_1_2_ppc64le.whl", hash = "sha256:32fc0341d72e0f73f80acb0a2c94216bd704f4f0bce10aedea38f30502b271ff", size = 156454 },
    { url = "https://files.pythonhosted.org/packages/92/08/95b458ce9c740d0645feb0e96cea1f5ec946ea9c580a94adfe0b617f3573/charset_normalizer-3.4.2-cp313-cp313-musllinux_1_2_s390x.whl", hash = "sha256:289200a18fa698949d2b39c671c2cc7a24d44096784e76614899a7ccf2574b7b", size = 154174 },
    { url = "https://files.pythonhosted.org/packages/78/be/8392efc43487ac051eee6c36d5fbd63032d78f7728cb37aebcc98191f1ff/charset_normalizer-3.4.2-cp313-cp313-musllinux_1_2_x86_64.whl", hash = "sha256:4a476b06fbcf359ad25d34a057b7219281286ae2477cc5ff5e3f70a246971148", size = 149166 },
    { url = "https://files.pythonhosted.org/packages/44/96/392abd49b094d30b91d9fbda6a69519e95802250b777841cf3bda8fe136c/charset_normalizer-3.4.2-cp313-cp313-win32.whl", hash = "sha256:aaeeb6a479c7667fbe1099af9617c83aaca22182d6cf8c53966491a0f1b7ffb7", size = 98064 },
    { url = "https://files.pythonhosted.org/packages/e9/b0/0200da600134e001d91851ddc797809e2fe0ea72de90e09bec5a2fbdaccb/charset_normalizer-3.4.2-cp313-cp313-win_amd64.whl", hash = "sha256:aa6af9e7d59f9c12b33ae4e9450619cf2488e2bbe9b44030905877f0b2324980", size = 105641 },
    { url = "https://files.pythonhosted.org/packages/20/94/c5790835a017658cbfabd07f3bfb549140c3ac458cfc196323996b10095a/charset_normalizer-3.4.2-py3-none-any.whl", hash = "sha256:7f56930ab0abd1c45cd15be65cc741c28b1c9a34876ce8c17a2fa107810c0af0", size = 52626 },
]

[[package]]
name = "faker"
version = "37.3.0"
source = { registry = "https://pypi.org/simple" }
dependencies = [
    { name = "tzdata" },
]
sdist = { url = "https://files.pythonhosted.org/packages/97/4b/5354912eaff922876323f2d07e21408b10867f3295d5f917748341cb6f53/faker-37.3.0.tar.gz", hash = "sha256:77b79e7a2228d57175133af0bbcdd26dc623df81db390ee52f5104d46c010f2f", size = 1901376 }
wheels = [
    { url = "https://files.pythonhosted.org/packages/ce/99/045b2dae19a01b9fbb23b9971bc04f4ef808e7f3a213d08c81067304a210/faker-37.3.0-py3-none-any.whl", hash = "sha256:48c94daa16a432f2d2bc803c7ff602509699fca228d13e97e379cd860a7e216e", size = 1942203 },
]

[[package]]
name = "idna"
version = "3.10"
source = { registry = "https://pypi.org/simple" }
sdist = { url = "https://files.pythonhosted.org/packages/f1/70/7703c29685631f5a7590aa73f1f1d3fa9a380e654b86af429e0934a32f7d/idna-3.10.tar.gz", hash = "sha256:12f65c9b470abda6dc35cf8e63cc574b1c52b11df2c86030af0ac09b01b13ea9", size = 190490 }
wheels = [
    { url = "https://files.pythonhosted.org/packages/76/c6/c88e154df9c4e1a2a66ccf0005a88dfb2650c1dffb6f5ce603dfbd452ce3/idna-3.10-py3-none-any.whl", hash = "sha256:946d195a0d259cbba61165e88e65941f16e9b36ea6ddb97f00452bae8b1287d3", size = 70442 },
]

[[package]]
name = "intercom-python-sdk"
version = "0.1.0"
source = { virtual = "." }
dependencies = [
    { name = "bs4" },
    { name = "faker" },
    { name = "marshmallow" },
    { name = "requests" },
    { name = "uplink" },
    { name = "validator-collection" },
]

[package.metadata]
requires-dist = [
    { name = "bs4", specifier = ">=0.0.2" },
    { name = "faker", specifier = ">=37.3.0" },
    { name = "marshmallow", specifier = ">=4.0.0" },
    { name = "requests", specifier = ">=2.32.3" },
    { name = "uplink", specifier = "0.9.7" },
    { name = "validator-collection", specifier = ">=1.5.0" },
]

[[package]]
name = "jsonschema"
version = "4.23.0"
source = { registry = "https://pypi.org/simple" }
dependencies = [
    { name = "attrs" },
    { name = "jsonschema-specifications" },
    { name = "referencing" },
    { name = "rpds-py" },
]
sdist = { url = "https://files.pythonhosted.org/packages/38/2e/03362ee4034a4c917f697890ccd4aec0800ccf9ded7f511971c75451deec/jsonschema-4.23.0.tar.gz", hash = "sha256:d71497fef26351a33265337fa77ffeb82423f3ea21283cd9467bb03999266bc4", size = 325778 }
wheels = [
    { url = "https://files.pythonhosted.org/packages/69/4a/4f9dbeb84e8850557c02365a0eee0649abe5eb1d84af92a25731c6c0f922/jsonschema-4.23.0-py3-none-any.whl", hash = "sha256:fbadb6f8b144a8f8cf9f0b89ba94501d143e50411a1278633f56a7acf7fd5566", size = 88462 },
]

[[package]]
name = "jsonschema-specifications"
version = "2025.4.1"
source = { registry = "https://pypi.org/simple" }
dependencies = [
    { name = "referencing" },
]
sdist = { url = "https://files.pythonhosted.org/packages/bf/ce/46fbd9c8119cfc3581ee5643ea49464d168028cfb5caff5fc0596d0cf914/jsonschema_specifications-2025.4.1.tar.gz", hash = "sha256:630159c9f4dbea161a6a2205c3011cc4f18ff381b189fff48bb39b9bf26ae608", size = 15513 }
wheels = [
    { url = "https://files.pythonhosted.org/packages/01/0e/b27cdbaccf30b890c40ed1da9fd4a3593a5cf94dae54fb34f8a4b74fcd3f/jsonschema_specifications-2025.4.1-py3-none-any.whl", hash = "sha256:4653bffbd6584f7de83a67e0d620ef16900b390ddc7939d56684d6c81e33f1af", size = 18437 },
]

[[package]]
name = "marshmallow"
version = "4.0.0"
source = { registry = "https://pypi.org/simple" }
sdist = { url = "https://files.pythonhosted.org/packages/1e/ff/26df5a9f5ac57ccf693a5854916ab47243039d2aa9e0fe5f5a0331e7b74b/marshmallow-4.0.0.tar.gz", hash = "sha256:3b6e80aac299a7935cfb97ed01d1854fb90b5079430969af92118ea1b12a8d55", size = 220507 }
wheels = [
    { url = "https://files.pythonhosted.org/packages/d6/26/6cc45d156f44dbe1d5696d9e54042e4dcaf7b946c0b86df6a97d29706f32/marshmallow-4.0.0-py3-none-any.whl", hash = "sha256:e7b0528337e9990fd64950f8a6b3a1baabed09ad17a0dfb844d701151f92d203", size = 48420 },
]

[[package]]
name = "referencing"
version = "0.36.2"
source = { registry = "https://pypi.org/simple" }
dependencies = [
    { name = "attrs" },
    { name = "rpds-py" },
    { name = "typing-extensions", marker = "python_full_version < '3.13'" },
]
sdist = { url = "https://files.pythonhosted.org/packages/2f/db/98b5c277be99dd18bfd91dd04e1b759cad18d1a338188c936e92f921c7e2/referencing-0.36.2.tar.gz", hash = "sha256:df2e89862cd09deabbdba16944cc3f10feb6b3e6f18e902f7cc25609a34775aa", size = 74744 }
wheels = [
    { url = "https://files.pythonhosted.org/packages/c1/b1/3baf80dc6d2b7bc27a95a67752d0208e410351e3feb4eb78de5f77454d8d/referencing-0.36.2-py3-none-any.whl", hash = "sha256:e8699adbbf8b5c7de96d8ffa0eb5c158b3beafce084968e2ea8bb08c6794dcd0", size = 26775 },
]

[[package]]
name = "requests"
version = "2.32.3"
source = { registry = "https://pypi.org/simple" }
dependencies = [
    { name = "certifi" },
    { name = "charset-normalizer" },
    { name = "idna" },
    { name = "urllib3" },
]
sdist = { url = "https://files.pythonhosted.org/packages/63/70/2bf7780ad2d390a8d301ad0b550f1581eadbd9a20f896afe06353c2a2913/requests-2.32.3.tar.gz", hash = "sha256:55365417734eb18255590a9ff9eb97e9e1da868d4ccd6402399eaf68af20a760", size = 131218 }
wheels = [
    { url = "https://files.pythonhosted.org/packages/f9/9b/335f9764261e915ed497fcdeb11df5dfd6f7bf257d4a6a2a686d80da4d54/requests-2.32.3-py3-none-any.whl", hash = "sha256:70761cfe03c773ceb22aa2f671b4757976145175cdfca038c02654d061d6dcc6", size = 64928 },
]

[[package]]
name = "rpds-py"
version = "0.25.0"
source = { registry = "https://pypi.org/simple" }
sdist = { url = "https://files.pythonhosted.org/packages/96/d2/7bed8453e53f6c9dea7ff4c19ee980fd87be607b2caf023d62c6579e6c30/rpds_py-0.25.0.tar.gz", hash = "sha256:4d97661bf5848dd9e5eb7ded480deccf9d32ce2cd500b88a26acbf7bd2864985", size = 26822 }
wheels = [
    { url = "https://files.pythonhosted.org/packages/ee/b5/819fd819dd66a65951749a2a475a0b4455fa3ad0b4f84eba5a7d785ac07b/rpds_py-0.25.0-cp312-cp312-macosx_10_12_x86_64.whl", hash = "sha256:89260601d497fa5957c3e46f10b16cfa2a4808ad4dd46cddc0b997461923a7d9", size = 364544 },
    { url = "https://files.pythonhosted.org/packages/bb/66/aea9c48e9f6d8f88b8ecf4ac7f6c6d742e005c33e0bdd46ce0d9f12aee27/rpds_py-0.25.0-cp312-cp312-macosx_11_0_arm64.whl", hash = "sha256:637ec39f97e342a3f76af739eda96800549d92f3aa27a2170b6dcbdffd49f480", size = 350634 },
    { url = "https://files.pythonhosted.org/packages/20/93/e5ee11a1b139f0064d82fff24265de881949e8be96453ec7cc26511e2216/rpds_py-0.25.0-cp312-cp312-manylinux_2_17_aarch64.manylinux2014_aarch64.whl", hash = "sha256:2bd08c82336412a39a598e5baccab2ee2d7bd54e9115c8b64f2febb45da5c368", size = 392993 },
    { url = "https://files.pythonhosted.org/packages/3e/46/751eb56baa015486dd353d22dcc12252c69ad30845bd87322702431fe519/rpds_py-0.25.0-cp312-cp312-manylinux_2_17_armv7l.manylinux2014_armv7l.whl", hash = "sha256:837fd066f974e5b98c69ac83ec594b79a2724a39a92a157b8651615e5032e530", size = 399671 },
    { url = "https://files.pythonhosted.org/packages/90/8f/8c2fe58710e1af0d730173078365cfbea217af7a50e4d4c15d8c125c2bf5/rpds_py-0.25.0-cp312-cp312-manylinux_2_17_ppc64le.manylinux2014_ppc64le.whl", hash = "sha256:653a066d2a4a332d4f8a11813e8124b643fa7b835b78468087a9898140469eee", size = 452889 },
    { url = "https://files.pythonhosted.org/packages/e1/60/5192ddcde55bc19055994c19cb294fb62494fe3b19f707d3572311a06057/rpds_py-0.25.0-cp312-cp312-manylinux_2_17_s390x.manylinux2014_s390x.whl", hash = "sha256:91a51499be506022b9f09facfc42f0c3a1c45969c0fc8f0bbebc8ff23ab9e531", size = 441069 },
    { url = "https://files.pythonhosted.org/packages/c4/0e/0cbcef1144cd9ed9e30bbcbfb98a823904fefa12b8ebc1e5a0426d8d6a7e/rpds_py-0.25.0-cp312-cp312-manylinux_2_17_x86_64.manylinux2014_x86_64.whl", hash = "sha256:eb91471640390a82744b164f8a0be4d7c89d173b1170713f9639c6bad61e9e64", size = 391281 },
    { url = "https://files.pythonhosted.org/packages/b9/e5/509a90ae0496af514c9f00fcbf8952cf3f9279e1c9a78738baa0e5c42b7a/rpds_py-0.25.0-cp312-cp312-manylinux_2_5_i686.manylinux1_i686.whl", hash = "sha256:28bd2969445acc2d6801a22f97a43134ae3cb18e7495d668bfaa8d82b8526cdc", size = 425308 },
    { url = "https://files.pythonhosted.org/packages/e3/61/248102bcc5f3943f337693131a07ad36fac3915d66edcd7d7c74df0770d0/rpds_py-0.25.0-cp312-cp312-musllinux_1_2_aarch64.whl", hash = "sha256:f933b35fa563f047896a70b69414dfb3952831817e4c4b3a6faa96737627f363", size = 570074 },
    { url = "https://files.pythonhosted.org/packages/7d/a1/34d1286b1b655fd2219e56587862f4a894f98d025cde58ae7bf9ed3d54be/rpds_py-0.25.0-cp312-cp312-musllinux_1_2_i686.whl", hash = "sha256:80b37b37525492250adc7cbca20ae7084f86eb3eb62414b624d2a400370853b1", size = 595438 },
    { url = "https://files.pythonhosted.org/packages/be/4a/413b8f664ffdbfa3b711e03328212ee26db9c2710f8148bcb21f379fb9b5/rpds_py-0.25.0-cp312-cp312-musllinux_1_2_x86_64.whl", hash = "sha256:864573b6440b770db5a8693547a8728d7fd32580d4903010a8eee0bb5b03b130", size = 561950 },
    { url = "https://files.pythonhosted.org/packages/f5/25/7c1a6461b704b1408591d9c3739a0cfa05f08a9bf3afc3f5f8cd8a86f5d5/rpds_py-0.25.0-cp312-cp312-win32.whl", hash = "sha256:ad4a896896346adab86d52b31163c39d49e4e94c829494b96cc064bff82c5851", size = 222692 },
    { url = "https://files.pythonhosted.org/packages/f2/43/891aeac02896d5a7eaa720c30cc2b960e6e5b9b6364db067a57a29597a99/rpds_py-0.25.0-cp312-cp312-win_amd64.whl", hash = "sha256:4fbec54cc42fa90ca69158d75f125febc4116b2d934e71c78f97de1388a8feb2", size = 235489 },
    { url = "https://files.pythonhosted.org/packages/0d/d9/6534d5a9d00038261894551ee8043267f17c019e6c0df3c7d822fb5914f1/rpds_py-0.25.0-cp313-cp313-macosx_10_12_x86_64.whl", hash = "sha256:4e5fe366fa53bd6777cf5440245366705338587b2cf8d61348ddaad744eb591a", size = 364375 },
    { url = "https://files.pythonhosted.org/packages/af/9d/f90c079635017cc50350cbbbf2c4fea7b2a75a24bea92211da1b0c52d55f/rpds_py-0.25.0-cp313-cp313-macosx_11_0_arm64.whl", hash = "sha256:54f925ff8d4443b7cae23a5215954abbf4736a3404188bde53c4d744ac001d89", size = 350284 },
    { url = "https://files.pythonhosted.org/packages/f9/04/b54c5b3abdccf03ca3ec3317bd68caaa7907a61fea063096ee08d128b6ed/rpds_py-0.25.0-cp313-cp313-manylinux_2_17_aarch64.manylinux2014_aarch64.whl", hash = "sha256:d58258a66255b2500ddaa4f33191ada5ec983a429c09eb151daf81efbb9aa115", size = 392107 },
    { url = "https://files.pythonhosted.org/packages/aa/99/001bc3ab81c1798ee4c7bba7950134258d899e566d6839b6696b47248f71/rpds_py-0.25.0-cp313-cp313-manylinux_2_17_armv7l.manylinux2014_armv7l.whl", hash = "sha256:8f3a57f08c558d0983a708bfe6d1265f47b5debff9b366b2f2091690fada055c", size = 398612 },
    { url = "https://files.pythonhosted.org/packages/00/e1/e22893e1043938811a50c857a5780e0a4e2da02dd10ac041ecca1044906a/rpds_py-0.25.0-cp313-cp313-manylinux_2_17_ppc64le.manylinux2014_ppc64le.whl", hash = "sha256:b7d60d42f1b9571341ad2322e748f7a60f9847546cd801a3a0eb72a1b54c6519", size = 452190 },
    { url = "https://files.pythonhosted.org/packages/fb/6c/7071e6d27e784ac33ab4ca048eb550b5fc4f381b29e9ba33254bc6e7eaf6/rpds_py-0.25.0-cp313-cp313-manylinux_2_17_s390x.manylinux2014_s390x.whl", hash = "sha256:a54b94b0e4de95aa92618906fb631779d9fde29b4bf659f482c354a3a79fd025", size = 440634 },
    { url = "https://files.pythonhosted.org/packages/57/17/7343ea3ec906ee8c2b64a956d702de5067e0058b5d2869fbfb4b11625112/rpds_py-0.25.0-cp313-cp313-manylinux_2_17_x86_64.manylinux2014_x86_64.whl", hash = "sha256:af1c2241919304cc2f90e7dcb3eb1c1df6fb4172dd338e629dd6410e48b3d1a0", size = 391000 },
    { url = "https://files.pythonhosted.org/packages/2b/ad/9b3c3e950108073448834f0548077e598588efa413ba8dcc91e7ad6ff59d/rpds_py-0.25.0-cp313-cp313-manylinux_2_5_i686.manylinux1_i686.whl", hash = "sha256:7d34547810bfd61acf8a441e8a3651e7a919e8e8aed29850be14a1b05cfc6f41", size = 424621 },
    { url = "https://files.pythonhosted.org/packages/57/06/bd99ca30a6e539c18c6175501c1dd7f9ef0640f7b1dc0b14b094785b509a/rpds_py-0.25.0-cp313-cp313-musllinux_1_2_aarch64.whl", hash = "sha256:66568caacf18542f0cf213db7adf3de2da6ad58c7bf2c4fafec0d81ae557443b", size = 569529 },
    { url = "https://files.pythonhosted.org/packages/c5/79/93381a25668466502adc082d3ce2a9ff35f8116e5e2711cedda0bfcfd699/rpds_py-0.25.0-cp313-cp313-musllinux_1_2_i686.whl", hash = "sha256:e49e4c3e899c32884d7828c91d6c3aff08d2f18857f50f86cc91187c31a4ca58", size = 594638 },
    { url = "https://files.pythonhosted.org/packages/91/ee/371ecc045d65af518e2210ad018892b1f7a7a21cd64661156b4d29dfd839/rpds_py-0.25.0-cp313-cp313-musllinux_1_2_x86_64.whl", hash = "sha256:20af08b0b2d5b196a2bcb70becf0b97ec5af579cee0ae6750b08a2eea3b6c77d", size = 561413 },
    { url = "https://files.pythonhosted.org/packages/34/c4/85e9853312b7e5de3c98f100280fbfd903e63936f49f6f11e4cd4eb53299/rpds_py-0.25.0-cp313-cp313-win32.whl", hash = "sha256:d3dc8d6ce8f001c80919bdb49d8b0b815185933a0b8e9cdeaea42b0b6f27eeb0", size = 222326 },
    { url = "https://files.pythonhosted.org/packages/65/c6/ac744cc5752b6f291b2cf13e19cd7ea3cafe68922239a3b95f05f39287b7/rpds_py-0.25.0-cp313-cp313-win_amd64.whl", hash = "sha256:113d134dc5a8d2503630ca2707b58a1bf5b1b3c69b35c7dab8690ee650c111b8", size = 234772 },
    { url = "https://files.pythonhosted.org/packages/4b/aa/dabab50a2fb321a12ffe4668087e5d0f9b06286ccb260d345bf01c79b07c/rpds_py-0.25.0-cp313-cp313t-macosx_10_12_x86_64.whl", hash = "sha256:6c72a4a8fab10bc96720ad40941bb471e3b1150fb8d62dab205d495511206cf1", size = 359693 },
    { url = "https://files.pythonhosted.org/packages/11/3d/acda0095fe54ee6c553d222fb3d275506f8db4198b6a72a69eef826d63c1/rpds_py-0.25.0-cp313-cp313t-macosx_11_0_arm64.whl", hash = "sha256:bb979162323f3534dce84b59f86e689a0761a2a300e0212bfaedfa80d4eb8100", size = 345911 },
    { url = "https://files.pythonhosted.org/packages/db/f3/fba9b387077f9b305fce27fe22bdb731b75bfe208ae005fd09a127eced05/rpds_py-0.25.0-cp313-cp313t-manylinux_2_17_aarch64.manylinux2014_aarch64.whl", hash = "sha256:35c8cb5dcf7d36d3adf2ae0730b60fb550a8feb6e432bee7ef84162a0d15714b", size = 387669 },
    { url = "https://files.pythonhosted.org/packages/a2/a7/b8dbcdc9a8f1e96b5abc58bdfc22f2845178279694a9294fe4feb66ae330/rpds_py-0.25.0-cp313-cp313t-manylinux_2_17_armv7l.manylinux2014_armv7l.whl", hash = "sha256:673ba018df5ae5e7b6c9a021d51ffe39c0ae1daa0041611ed27a0bca634b2d2e", size = 392202 },
    { url = "https://files.pythonhosted.org/packages/60/60/2d46ad24207114cdb341490387d5a77c845827ac03f2a37182a19d072738/rpds_py-0.25.0-cp313-cp313t-manylinux_2_17_ppc64le.manylinux2014_ppc64le.whl", hash = "sha256:16fb28d3a653f67c871a47c5ca0be17bce9fab8adb8bcf7bd09f3771b8c4d860", size = 450080 },
    { url = "https://files.pythonhosted.org/packages/85/ae/b1966ca161942f2edf0b2c4fb448b88c19bdb37e982d0907c4b484eb0bbc/rpds_py-0.25.0-cp313-cp313t-manylinux_2_17_s390x.manylinux2014_s390x.whl", hash = "sha256:12a84c3851f9e68633d883c01347db3cb87e6160120a489f9c47162cd276b0a5", size = 438189 },
    { url = "https://files.pythonhosted.org/packages/a8/b0/0a8bff40865e27fc8cd7bdf667958981794ccf5e7989890ae96c89112920/rpds_py-0.25.0-cp313-cp313t-manylinux_2_17_x86_64.manylinux2014_x86_64.whl", hash = "sha256:6b5f457afffb45d3804728a54083e31fbaf460e902e3f7d063e56d0d0814301e", size = 387925 },
    { url = "https://files.pythonhosted.org/packages/a5/5d/62abbc77e18f9e67556ead54c84a7c662f39236b7a41cf1a39a24bf5e79f/rpds_py-0.25.0-cp313-cp313t-manylinux_2_5_i686.manylinux1_i686.whl", hash = "sha256:9442cbff21122e9a529b942811007d65eabe4182e7342d102caf119b229322c6", size = 417682 },
    { url = "https://files.pythonhosted.org/packages/5d/eb/2f65e4332e3566d06c5ccad64441b1eaaf58a6c5999d533720f1f47d3118/rpds_py-0.25.0-cp313-cp313t-musllinux_1_2_aarch64.whl", hash = "sha256:383cf0d4288baf5a16812ed70d54ecb7f2064e255eb7fe42c38e926adeae4534", size = 565244 },
    { url = "https://files.pythonhosted.org/packages/02/3a/ae5f68ab4879d6fbe3abec3139eab1664c3372d8b42864ab940a4940a61c/rpds_py-0.25.0-cp313-cp313t-musllinux_1_2_i686.whl", hash = "sha256:0dcdee07ebf76223092666c72a9552db276fbe46b98830ecd1bb836cc98adc81", size = 590459 },
    { url = "https://files.pythonhosted.org/packages/c3/f6/ada6c3d9b803a9eb7bc9c8b3f3cebf7d779bbbb056cd7e3fc150e4c74c00/rpds_py-0.25.0-cp313-cp313t-musllinux_1_2_x86_64.whl", hash = "sha256:5bbfbd9c74c4dd74815bd532bf29bedea6d27d38f35ef46f9754172a14e4c655", size = 558335 },
    { url = "https://files.pythonhosted.org/packages/68/9a/7d269e8f1bfe3143e699334ca0b578e16b37e6505bf10dca8c02aa8addc8/rpds_py-0.25.0-cp313-cp313t-win32.whl", hash = "sha256:90dbd2c42cb6463c07020695800ae8f347e7dbeff09da2975a988e467b624539", size = 218761 },
    { url = "https://files.pythonhosted.org/packages/16/16/f5843b19b7bfd16d63b960cf4c646953010886cc62dd41b00854d77b0eed/rpds_py-0.25.0-cp313-cp313t-win_amd64.whl", hash = "sha256:8c2ad59c4342a176cb3e0d5753e1c911eabc95c210fc6d0e913c32bf560bf012", size = 232634 },
]

[[package]]
name = "six"
version = "1.17.0"
source = { registry = "https://pypi.org/simple" }
sdist = { url = "https://files.pythonhosted.org/packages/94/e7/b2c673351809dca68a0e064b6af791aa332cf192da575fd474ed7d6f16a2/six-1.17.0.tar.gz", hash = "sha256:ff70335d468e7eb6ec65b95b99d3a2836546063f63acc5171de367e834932a81", size = 34031 }
wheels = [
    { url = "https://files.pythonhosted.org/packages/b7/ce/149a00dd41f10bc29e5921b496af8b574d8413afcd5e30dfa0ed46c2cc5e/six-1.17.0-py2.py3-none-any.whl", hash = "sha256:4721f391ed90541fddacab5acf947aa0d3dc7d27b2e1e8eda2be8970586c3274", size = 11050 },
]

[[package]]
name = "soupsieve"
version = "2.7"
source = { registry = "https://pypi.org/simple" }
sdist = { url = "https://files.pythonhosted.org/packages/3f/f4/4a80cd6ef364b2e8b65b15816a843c0980f7a5a2b4dc701fc574952aa19f/soupsieve-2.7.tar.gz", hash = "sha256:ad282f9b6926286d2ead4750552c8a6142bc4c783fd66b0293547c8fe6ae126a", size = 103418 }
wheels = [
    { url = "https://files.pythonhosted.org/packages/e7/9c/0e6afc12c269578be5c0c1c9f4b49a8d32770a080260c333ac04cc1c832d/soupsieve-2.7-py3-none-any.whl", hash = "sha256:6e60cc5c1ffaf1cebcc12e8188320b72071e922c2e897f737cadce79ad5d30c4", size = 36677 },
]

[[package]]
name = "typing-extensions"
version = "4.13.2"
source = { registry = "https://pypi.org/simple" }
sdist = { url = "https://files.pythonhosted.org/packages/f6/37/23083fcd6e35492953e8d2aaaa68b860eb422b34627b13f2ce3eb6106061/typing_extensions-4.13.2.tar.gz", hash = "sha256:e6c81219bd689f51865d9e372991c540bda33a0379d5573cddb9a3a23f7caaef", size = 106967 }
wheels = [
    { url = "https://files.pythonhosted.org/packages/8b/54/b1ae86c0973cc6f0210b53d508ca3641fb6d0c56823f288d108bc7ab3cc8/typing_extensions-4.13.2-py3-none-any.whl", hash = "sha256:a439e7c04b49fec3e5d3e2beaa21755cadbbdc391694e28ccdd36ca4a1408f8c", size = 45806 },
]

[[package]]
name = "tzdata"
version = "2025.2"
source = { registry = "https://pypi.org/simple" }
sdist = { url = "https://files.pythonhosted.org/packages/95/32/1a225d6164441be760d75c2c42e2780dc0873fe382da3e98a2e1e48361e5/tzdata-2025.2.tar.gz", hash = "sha256:b60a638fcc0daffadf82fe0f57e53d06bdec2f36c4df66280ae79bce6bd6f2b9", size = 196380 }
wheels = [
    { url = "https://files.pythonhosted.org/packages/5c/23/c7abc0ca0a1526a0774eca151daeb8de62ec457e77262b66b359c3c7679e/tzdata-2025.2-py2.py3-none-any.whl", hash = "sha256:1a403fada01ff9221ca8044d701868fa132215d84beb92242d9acd2147f667a8", size = 347839 },
]

[[package]]
name = "uplink"
version = "0.9.7"
source = { registry = "https://pypi.org/simple" }
dependencies = [
    { name = "requests" },
    { name = "six" },
    { name = "uritemplate" },
]
sdist = { url = "https://files.pythonhosted.org/packages/e6/10/f93f050e6528346c78a4d96d7f92c2af0e25b98f108e4a36a96074fbd7e1/uplink-0.9.7.tar.gz", hash = "sha256:8d5bff42fedfc1bec1c2959b7a15fc1354e1a32ead33facaeadfa76f7c5d68a2", size = 82122 }
wheels = [
    { url = "https://files.pythonhosted.org/packages/66/ae/8b06ac29d05fa896792dd2485b236265c381a1f6c3e3fcc6fdd989b44953/uplink-0.9.7-py2.py3-none-any.whl", hash = "sha256:4b50be0bb657ffd1c48e2c20bdf8538d512fe4b9f0520247d46249912ed19d15", size = 69536 },
]

[[package]]
name = "uritemplate"
version = "4.1.1"
source = { registry = "https://pypi.org/simple" }
sdist = { url = "https://files.pythonhosted.org/packages/d2/5a/4742fdba39cd02a56226815abfa72fe0aa81c33bed16ed045647d6000eba/uritemplate-4.1.1.tar.gz", hash = "sha256:4346edfc5c3b79f694bccd6d6099a322bbeb628dbf2cd86eea55a456ce5124f0", size = 273898 }
wheels = [
    { url = "https://files.pythonhosted.org/packages/81/c0/7461b49cd25aeece13766f02ee576d1db528f1c37ce69aee300e075b485b/uritemplate-4.1.1-py2.py3-none-any.whl", hash = "sha256:830c08b8d99bdd312ea4ead05994a38e8936266f84b9a7878232db50b044e02e", size = 10356 },
]

[[package]]
name = "urllib3"
version = "2.4.0"
source = { registry = "https://pypi.org/simple" }
sdist = { url = "https://files.pythonhosted.org/packages/8a/78/16493d9c386d8e60e442a35feac5e00f0913c0f4b7c217c11e8ec2ff53e0/urllib3-2.4.0.tar.gz", hash = "sha256:414bc6535b787febd7567804cc015fee39daab8ad86268f1310a9250697de466", size = 390672 }
wheels = [
    { url = "https://files.pythonhosted.org/packages/6b/11/cc635220681e93a0183390e26485430ca2c7b5f9d33b15c74c2861cb8091/urllib3-2.4.0-py3-none-any.whl", hash = "sha256:4e16665048960a0900c702d4a66415956a584919c03361cac9f1df5c5dd7e813", size = 128680 },
]

[[package]]
name = "validator-collection"
version = "1.5.0"
source = { registry = "https://pypi.org/simple" }
dependencies = [
    { name = "jsonschema" },
]
sdist = { url = "https://files.pythonhosted.org/packages/e0/18/037926fffcdb09dd9ccde56de6bbffa379270f2c8f5474857ad6c04b55f2/validator-collection-1.5.0.tar.gz", hash = "sha256:f9395cad9a30cb9864fa0c0d18a84daead1eb8807774f4e09f588f89b7dc77d8", size = 46010 }
wheels = [
    { url = "https://files.pythonhosted.org/packages/4c/cb/051b87d913beb43f7890b16e421965a1550d791637629893a7448bb2b832/validator_collection-1.5.0-py2.py3-none-any.whl", hash = "sha256:56f6dc65d86c2e5b8f04f22acedd33af2c233edc1082fe4d24fd3996bd19d0fe", size = 36418 },
]
